
Microsoft Visual Studio Solution File, Format Version 12.00
# Visual Studio 15
VisualStudioVersion = 15.0.26228.12
MinimumVisualStudioVersion = 10.0.40219.1
Project("{D954291E-2A0B-460D-934E-DC6B0785DB48}") = "SplitBillAndTip", "SplitBillAndTip\SplitBillAndTip\SplitBillAndTip.shproj", "{C81FF87B-E7FE-41D6-97FA-CE52E29DFDA2}"
EndProject
Project("{FAE04EC0-301F-11D3-BF4B-00C04F79EFBC}") = "SplitBillAndTip.Android", "SplitBillAndTip\SplitBillAndTip.Android\SplitBillAndTip.Android.csproj", "{D6FB7A8E-AFFC-4FD1-BDEE-90933C134577}"
EndProject
Project("{FAE04EC0-301F-11D3-BF4B-00C04F79EFBC}") = "SplitBillAndTip.iOS", "SplitBillAndTip\SplitBillAndTip.iOS\SplitBillAndTip.iOS.csproj", "{E0990BDA-FA11-451A-90DB-7154DF0C39DF}"
EndProject
Project("{FAE04EC0-301F-11D3-BF4B-00C04F79EFBC}") = "SplitBillAndTip.UWP", "SplitBillAndTip\SplitBillAndTip.UWP\SplitBillAndTip.UWP.csproj", "{6E632C71-768A-4246-ABA6-C25B72D15AE6}"
EndProject
Global
	GlobalSection(SharedMSBuildProjectFiles) = preSolution
		SplitBillAndTip\SplitBillAndTip\SplitBillAndTip.projitems*{6e632c71-768a-4246-aba6-c25b72d15ae6}*SharedItemsImports = 4
		SplitBillAndTip\SplitBillAndTip\SplitBillAndTip.projitems*{c81ff87b-e7fe-41d6-97fa-ce52e29dfda2}*SharedItemsImports = 13
		SplitBillAndTip\SplitBillAndTip\SplitBillAndTip.projitems*{d6fb7a8e-affc-4fd1-bdee-90933c134577}*SharedItemsImports = 4
		SplitBillAndTip\SplitBillAndTip\SplitBillAndTip.projitems*{e0990bda-fa11-451a-90db-7154df0c39df}*SharedItemsImports = 4
	EndGlobalSection
	GlobalSection(SolutionConfigurationPlatforms) = preSolution
		Ad-Hoc|Any CPU = Ad-Hoc|Any CPU
		Ad-Hoc|ARM = Ad-Hoc|ARM
		Ad-Hoc|iPhone = Ad-Hoc|iPhone
		Ad-Hoc|iPhoneSimulator = Ad-Hoc|iPhoneSimulator
		Ad-Hoc|x64 = Ad-Hoc|x64
		Ad-Hoc|x86 = Ad-Hoc|x86
		AppStore|Any CPU = AppStore|Any CPU
		AppStore|ARM = AppStore|ARM
		AppStore|iPhone = AppStore|iPhone
		AppStore|iPhoneSimulator = AppStore|iPhoneSimulator
		AppStore|x64 = AppStore|x64
		AppStore|x86 = AppStore|x86
		Debug|Any CPU = Debug|Any CPU
		Debug|ARM = Debug|ARM
		Debug|iPhone = Debug|iPhone
		Debug|iPhoneSimulator = Debug|iPhoneSimulator
		Debug|x64 = Debug|x64
		Debug|x86 = Debug|x86
		Release|Any CPU = Release|Any CPU
		Release|ARM = Release|ARM
		Release|iPhone = Release|iPhone
		Release|iPhoneSimulator = Release|iPhoneSimulator
		Release|x64 = Release|x64
		Release|x86 = Release|x86
	EndGlobalSection
	GlobalSection(ProjectConfigurationPlatforms) = postSolution
		{D6FB7A8E-AFFC-4FD1-BDEE-90933C134577}.Ad-Hoc|Any CPU.ActiveCfg = Release|Any CPU
		{D6FB7A8E-AFFC-4FD1-BDEE-90933C134577}.Ad-Hoc|Any CPU.Build.0 = Release|Any CPU
		{D6FB7A8E-AFFC-4FD1-BDEE-90933C134577}.Ad-Hoc|Any CPU.Deploy.0 = Release|Any CPU
		{D6FB7A8E-AFFC-4FD1-BDEE-90933C134577}.Ad-Hoc|ARM.ActiveCfg = Release|Any CPU
		{D6FB7A8E-AFFC-4FD1-BDEE-90933C134577}.Ad-Hoc|ARM.Build.0 = Release|Any CPU
		{D6FB7A8E-AFFC-4FD1-BDEE-90933C134577}.Ad-Hoc|ARM.Deploy.0 = Release|Any CPU
		{D6FB7A8E-AFFC-4FD1-BDEE-90933C134577}.Ad-Hoc|iPhone.ActiveCfg = Release|Any CPU
		{D6FB7A8E-AFFC-4FD1-BDEE-90933C134577}.Ad-Hoc|iPhone.Build.0 = Release|Any CPU
		{D6FB7A8E-AFFC-4FD1-BDEE-90933C134577}.Ad-Hoc|iPhone.Deploy.0 = Release|Any CPU
		{D6FB7A8E-AFFC-4FD1-BDEE-90933C134577}.Ad-Hoc|iPhoneSimulator.ActiveCfg = Release|Any CPU
		{D6FB7A8E-AFFC-4FD1-BDEE-90933C134577}.Ad-Hoc|iPhoneSimulator.Build.0 = Release|Any CPU
		{D6FB7A8E-AFFC-4FD1-BDEE-90933C134577}.Ad-Hoc|iPhoneSimulator.Deploy.0 = Release|Any CPU
		{D6FB7A8E-AFFC-4FD1-BDEE-90933C134577}.Ad-Hoc|x64.ActiveCfg = Release|Any CPU
		{D6FB7A8E-AFFC-4FD1-BDEE-90933C134577}.Ad-Hoc|x64.Build.0 = Release|Any CPU
		{D6FB7A8E-AFFC-4FD1-BDEE-90933C134577}.Ad-Hoc|x64.Deploy.0 = Release|Any CPU
		{D6FB7A8E-AFFC-4FD1-BDEE-90933C134577}.Ad-Hoc|x86.ActiveCfg = Release|Any CPU
		{D6FB7A8E-AFFC-4FD1-BDEE-90933C134577}.Ad-Hoc|x86.Build.0 = Release|Any CPU
		{D6FB7A8E-AFFC-4FD1-BDEE-90933C134577}.Ad-Hoc|x86.Deploy.0 = Release|Any CPU
		{D6FB7A8E-AFFC-4FD1-BDEE-90933C134577}.AppStore|Any CPU.ActiveCfg = Release|Any CPU
		{D6FB7A8E-AFFC-4FD1-BDEE-90933C134577}.AppStore|Any CPU.Build.0 = Release|Any CPU
		{D6FB7A8E-AFFC-4FD1-BDEE-90933C134577}.AppStore|Any CPU.Deploy.0 = Release|Any CPU
		{D6FB7A8E-AFFC-4FD1-BDEE-90933C134577}.AppStore|ARM.ActiveCfg = Release|Any CPU
		{D6FB7A8E-AFFC-4FD1-BDEE-90933C134577}.AppStore|ARM.Build.0 = Release|Any CPU
		{D6FB7A8E-AFFC-4FD1-BDEE-90933C134577}.AppStore|ARM.Deploy.0 = Release|Any CPU
		{D6FB7A8E-AFFC-4FD1-BDEE-90933C134577}.AppStore|iPhone.ActiveCfg = Release|Any CPU
		{D6FB7A8E-AFFC-4FD1-BDEE-90933C134577}.AppStore|iPhone.Build.0 = Release|Any CPU
		{D6FB7A8E-AFFC-4FD1-BDEE-90933C134577}.AppStore|iPhone.Deploy.0 = Release|Any CPU
		{D6FB7A8E-AFFC-4FD1-BDEE-90933C134577}.AppStore|iPhoneSimulator.ActiveCfg = Release|Any CPU
		{D6FB7A8E-AFFC-4FD1-BDEE-90933C134577}.AppStore|iPhoneSimulator.Build.0 = Release|Any CPU
		{D6FB7A8E-AFFC-4FD1-BDEE-90933C134577}.AppStore|iPhoneSimulator.Deploy.0 = Release|Any CPU
		{D6FB7A8E-AFFC-4FD1-BDEE-90933C134577}.AppStore|x64.ActiveCfg = Release|Any CPU
		{D6FB7A8E-AFFC-4FD1-BDEE-90933C134577}.AppStore|x64.Build.0 = Release|Any CPU
		{D6FB7A8E-AFFC-4FD1-BDEE-90933C134577}.AppStore|x64.Deploy.0 = Release|Any CPU
		{D6FB7A8E-AFFC-4FD1-BDEE-90933C134577}.AppStore|x86.ActiveCfg = Release|Any CPU
		{D6FB7A8E-AFFC-4FD1-BDEE-90933C134577}.AppStore|x86.Build.0 = Release|Any CPU
		{D6FB7A8E-AFFC-4FD1-BDEE-90933C134577}.AppStore|x86.Deploy.0 = Release|Any CPU
		{D6FB7A8E-AFFC-4FD1-BDEE-90933C134577}.Debug|Any CPU.ActiveCfg = Debug|Any CPU
		{D6FB7A8E-AFFC-4FD1-BDEE-90933C134577}.Debug|Any CPU.Build.0 = Debug|Any CPU
		{D6FB7A8E-AFFC-4FD1-BDEE-90933C134577}.Debug|Any CPU.Deploy.0 = Debug|Any CPU
		{D6FB7A8E-AFFC-4FD1-BDEE-90933C134577}.Debug|ARM.ActiveCfg = Debug|Any CPU
		{D6FB7A8E-AFFC-4FD1-BDEE-90933C134577}.Debug|ARM.Build.0 = Debug|Any CPU
		{D6FB7A8E-AFFC-4FD1-BDEE-90933C134577}.Debug|ARM.Deploy.0 = Debug|Any CPU
		{D6FB7A8E-AFFC-4FD1-BDEE-90933C134577}.Debug|iPhone.ActiveCfg = Debug|Any CPU
		{D6FB7A8E-AFFC-4FD1-BDEE-90933C134577}.Debug|iPhone.Build.0 = Debug|Any CPU
		{D6FB7A8E-AFFC-4FD1-BDEE-90933C134577}.Debug|iPhone.Deploy.0 = Debug|Any CPU
		{D6FB7A8E-AFFC-4FD1-BDEE-90933C134577}.Debug|iPhoneSimulator.ActiveCfg = Debug|Any CPU
		{D6FB7A8E-AFFC-4FD1-BDEE-90933C134577}.Debug|iPhoneSimulator.Build.0 = Debug|Any CPU
		{D6FB7A8E-AFFC-4FD1-BDEE-90933C134577}.Debug|iPhoneSimulator.Deploy.0 = Debug|Any CPU
		{D6FB7A8E-AFFC-4FD1-BDEE-90933C134577}.Debug|x64.ActiveCfg = Debug|Any CPU
		{D6FB7A8E-AFFC-4FD1-BDEE-90933C134577}.Debug|x64.Build.0 = Debug|Any CPU
		{D6FB7A8E-AFFC-4FD1-BDEE-90933C134577}.Debug|x64.Deploy.0 = Debug|Any CPU
		{D6FB7A8E-AFFC-4FD1-BDEE-90933C134577}.Debug|x86.ActiveCfg = Debug|Any CPU
		{D6FB7A8E-AFFC-4FD1-BDEE-90933C134577}.Debug|x86.Build.0 = Debug|Any CPU
		{D6FB7A8E-AFFC-4FD1-BDEE-90933C134577}.Debug|x86.Deploy.0 = Debug|Any CPU
		{D6FB7A8E-AFFC-4FD1-BDEE-90933C134577}.Release|Any CPU.ActiveCfg = Release|Any CPU
		{D6FB7A8E-AFFC-4FD1-BDEE-90933C134577}.Release|Any CPU.Build.0 = Release|Any CPU
		{D6FB7A8E-AFFC-4FD1-BDEE-90933C134577}.Release|Any CPU.Deploy.0 = Release|Any CPU
		{D6FB7A8E-AFFC-4FD1-BDEE-90933C134577}.Release|ARM.ActiveCfg = Release|Any CPU
		{D6FB7A8E-AFFC-4FD1-BDEE-90933C134577}.Release|ARM.Build.0 = Release|Any CPU
		{D6FB7A8E-AFFC-4FD1-BDEE-90933C134577}.Release|ARM.Deploy.0 = Release|Any CPU
		{D6FB7A8E-AFFC-4FD1-BDEE-90933C134577}.Release|iPhone.ActiveCfg = Release|Any CPU
		{D6FB7A8E-AFFC-4FD1-BDEE-90933C134577}.Release|iPhone.Build.0 = Release|Any CPU
		{D6FB7A8E-AFFC-4FD1-BDEE-90933C134577}.Release|iPhone.Deploy.0 = Release|Any CPU
		{D6FB7A8E-AFFC-4FD1-BDEE-90933C134577}.Release|iPhoneSimulator.ActiveCfg = Release|Any CPU
		{D6FB7A8E-AFFC-4FD1-BDEE-90933C134577}.Release|iPhoneSimulator.Build.0 = Release|Any CPU
		{D6FB7A8E-AFFC-4FD1-BDEE-90933C134577}.Release|iPhoneSimulator.Deploy.0 = Release|Any CPU
		{D6FB7A8E-AFFC-4FD1-BDEE-90933C134577}.Release|x64.ActiveCfg = Release|Any CPU
		{D6FB7A8E-AFFC-4FD1-BDEE-90933C134577}.Release|x64.Build.0 = Release|Any CPU
		{D6FB7A8E-AFFC-4FD1-BDEE-90933C134577}.Release|x64.Deploy.0 = Release|Any CPU
		{D6FB7A8E-AFFC-4FD1-BDEE-90933C134577}.Release|x86.ActiveCfg = Release|Any CPU
		{D6FB7A8E-AFFC-4FD1-BDEE-90933C134577}.Release|x86.Build.0 = Release|Any CPU
		{D6FB7A8E-AFFC-4FD1-BDEE-90933C134577}.Release|x86.Deploy.0 = Release|Any CPU
		{E0990BDA-FA11-451A-90DB-7154DF0C39DF}.Ad-Hoc|Any CPU.ActiveCfg = Ad-Hoc|iPhone
		{E0990BDA-FA11-451A-90DB-7154DF0C39DF}.Ad-Hoc|ARM.ActiveCfg = Ad-Hoc|iPhone
		{E0990BDA-FA11-451A-90DB-7154DF0C39DF}.Ad-Hoc|iPhone.ActiveCfg = Ad-Hoc|iPhone
		{E0990BDA-FA11-451A-90DB-7154DF0C39DF}.Ad-Hoc|iPhone.Build.0 = Ad-Hoc|iPhone
		{E0990BDA-FA11-451A-90DB-7154DF0C39DF}.Ad-Hoc|iPhoneSimulator.ActiveCfg = Ad-Hoc|iPhoneSimulator
		{E0990BDA-FA11-451A-90DB-7154DF0C39DF}.Ad-Hoc|iPhoneSimulator.Build.0 = Ad-Hoc|iPhoneSimulator
		{E0990BDA-FA11-451A-90DB-7154DF0C39DF}.Ad-Hoc|x64.ActiveCfg = Ad-Hoc|iPhone
		{E0990BDA-FA11-451A-90DB-7154DF0C39DF}.Ad-Hoc|x86.ActiveCfg = Ad-Hoc|iPhone
		{E0990BDA-FA11-451A-90DB-7154DF0C39DF}.AppStore|Any CPU.ActiveCfg = AppStore|iPhone
		{E0990BDA-FA11-451A-90DB-7154DF0C39DF}.AppStore|ARM.ActiveCfg = AppStore|iPhone
		{E0990BDA-FA11-451A-90DB-7154DF0C39DF}.AppStore|iPhone.ActiveCfg = AppStore|iPhone
		{E0990BDA-FA11-451A-90DB-7154DF0C39DF}.AppStore|iPhone.Build.0 = AppStore|iPhone
		{E0990BDA-FA11-451A-90DB-7154DF0C39DF}.AppStore|iPhoneSimulator.ActiveCfg = AppStore|iPhoneSimulator
		{E0990BDA-FA11-451A-90DB-7154DF0C39DF}.AppStore|iPhoneSimulator.Build.0 = AppStore|iPhoneSimulator
		{E0990BDA-FA11-451A-90DB-7154DF0C39DF}.AppStore|x64.ActiveCfg = AppStore|iPhone
		{E0990BDA-FA11-451A-90DB-7154DF0C39DF}.AppStore|x86.ActiveCfg = AppStore|iPhone
		{E0990BDA-FA11-451A-90DB-7154DF0C39DF}.Debug|Any CPU.ActiveCfg = Debug|iPhone
		{E0990BDA-FA11-451A-90DB-7154DF0C39DF}.Debug|ARM.ActiveCfg = Debug|iPhone
		{E0990BDA-FA11-451A-90DB-7154DF0C39DF}.Debug|iPhone.ActiveCfg = Debug|iPhone
		{E0990BDA-FA11-451A-90DB-7154DF0C39DF}.Debug|iPhone.Build.0 = Debug|iPhone
		{E0990BDA-FA11-451A-90DB-7154DF0C39DF}.Debug|iPhoneSimulator.ActiveCfg = Debug|iPhoneSimulator
		{E0990BDA-FA11-451A-90DB-7154DF0C39DF}.Debug|iPhoneSimulator.Build.0 = Debug|iPhoneSimulator
		{E0990BDA-FA11-451A-90DB-7154DF0C39DF}.Debug|x64.ActiveCfg = Debug|iPhone
		{E0990BDA-FA11-451A-90DB-7154DF0C39DF}.Debug|x86.ActiveCfg = Debug|iPhone
		{E0990BDA-FA11-451A-90DB-7154DF0C39DF}.Release|Any CPU.ActiveCfg = Release|iPhone
		{E0990BDA-FA11-451A-90DB-7154DF0C39DF}.Release|ARM.ActiveCfg = Release|iPhone
		{E0990BDA-FA11-451A-90DB-7154DF0C39DF}.Release|iPhone.ActiveCfg = Release|iPhone
		{E0990BDA-FA11-451A-90DB-7154DF0C39DF}.Release|iPhone.Build.0 = Release|iPhone
		{E0990BDA-FA11-451A-90DB-7154DF0C39DF}.Release|iPhoneSimulator.ActiveCfg = Release|iPhoneSimulator
		{E0990BDA-FA11-451A-90DB-7154DF0C39DF}.Release|iPhoneSimulator.Build.0 = Release|iPhoneSimulator
		{E0990BDA-FA11-451A-90DB-7154DF0C39DF}.Release|x64.ActiveCfg = Release|iPhone
		{E0990BDA-FA11-451A-90DB-7154DF0C39DF}.Release|x86.ActiveCfg = Release|iPhone
		{6E632C71-768A-4246-ABA6-C25B72D15AE6}.Ad-Hoc|Any CPU.ActiveCfg = Release|x64
		{6E632C71-768A-4246-ABA6-C25B72D15AE6}.Ad-Hoc|Any CPU.Build.0 = Release|x64
		{6E632C71-768A-4246-ABA6-C25B72D15AE6}.Ad-Hoc|Any CPU.Deploy.0 = Release|x64
		{6E632C71-768A-4246-ABA6-C25B72D15AE6}.Ad-Hoc|ARM.ActiveCfg = Release|ARM
		{6E632C71-768A-4246-ABA6-C25B72D15AE6}.Ad-Hoc|ARM.Build.0 = Release|ARM
		{6E632C71-768A-4246-ABA6-C25B72D15AE6}.Ad-Hoc|ARM.Deploy.0 = Release|ARM
		{6E632C71-768A-4246-ABA6-C25B72D15AE6}.Ad-Hoc|iPhone.ActiveCfg = Release|x64
		{6E632C71-768A-4246-ABA6-C25B72D15AE6}.Ad-Hoc|iPhone.Build.0 = Release|x64
		{6E632C71-768A-4246-ABA6-C25B72D15AE6}.Ad-Hoc|iPhone.Deploy.0 = Release|x64
		{6E632C71-768A-4246-ABA6-C25B72D15AE6}.Ad-Hoc|iPhoneSimulator.ActiveCfg = Release|x64
		{6E632C71-768A-4246-ABA6-C25B72D15AE6}.Ad-Hoc|iPhoneSimulator.Build.0 = Release|x64
		{6E632C71-768A-4246-ABA6-C25B72D15AE6}.Ad-Hoc|iPhoneSimulator.Deploy.0 = Release|x64
		{6E632C71-768A-4246-ABA6-C25B72D15AE6}.Ad-Hoc|x64.ActiveCfg = Release|x64
		{6E632C71-768A-4246-ABA6-C25B72D15AE6}.Ad-Hoc|x64.Build.0 = Release|x64
		{6E632C71-768A-4246-ABA6-C25B72D15AE6}.Ad-Hoc|x64.Deploy.0 = Release|x64
		{6E632C71-768A-4246-ABA6-C25B72D15AE6}.Ad-Hoc|x86.ActiveCfg = Release|x86
		{6E632C71-768A-4246-ABA6-C25B72D15AE6}.Ad-Hoc|x86.Build.0 = Release|x86
		{6E632C71-768A-4246-ABA6-C25B72D15AE6}.Ad-Hoc|x86.Deploy.0 = Release|x86
		{6E632C71-768A-4246-ABA6-C25B72D15AE6}.AppStore|Any CPU.ActiveCfg = Release|x64
		{6E632C71-768A-4246-ABA6-C25B72D15AE6}.AppStore|Any CPU.Build.0 = Release|x64
		{6E632C71-768A-4246-ABA6-C25B72D15AE6}.AppStore|Any CPU.Deploy.0 = Release|x64
		{6E632C71-768A-4246-ABA6-C25B72D15AE6}.AppStore|ARM.ActiveCfg = Release|ARM
		{6E632C71-768A-4246-ABA6-C25B72D15AE6}.AppStore|ARM.Build.0 = Release|ARM
		{6E632C71-768A-4246-ABA6-C25B72D15AE6}.AppStore|ARM.Deploy.0 = Release|ARM
		{6E632C71-768A-4246-ABA6-C25B72D15AE6}.AppStore|iPhone.ActiveCfg = Release|x64
		{6E632C71-768A-4246-ABA6-C25B72D15AE6}.AppStore|iPhone.Build.0 = Release|x64
		{6E632C71-768A-4246-ABA6-C25B72D15AE6}.AppStore|iPhone.Deploy.0 = Release|x64
		{6E632C71-768A-4246-ABA6-C25B72D15AE6}.AppStore|iPhoneSimulator.ActiveCfg = Release|x64
		{6E632C71-768A-4246-ABA6-C25B72D15AE6}.AppStore|iPhoneSimulator.Build.0 = Release|x64
		{6E632C71-768A-4246-ABA6-C25B72D15AE6}.AppStore|iPhoneSimulator.Deploy.0 = Release|x64
		{6E632C71-768A-4246-ABA6-C25B72D15AE6}.AppStore|x64.ActiveCfg = Release|x64
		{6E632C71-768A-4246-ABA6-C25B72D15AE6}.AppStore|x64.Build.0 = Release|x64
		{6E632C71-768A-4246-ABA6-C25B72D15AE6}.AppStore|x64.Deploy.0 = Release|x64
		{6E632C71-768A-4246-ABA6-C25B72D15AE6}.AppStore|x86.ActiveCfg = Release|x86
		{6E632C71-768A-4246-ABA6-C25B72D15AE6}.AppStore|x86.Build.0 = Release|x86
		{6E632C71-768A-4246-ABA6-C25B72D15AE6}.AppStore|x86.Deploy.0 = Release|x86
		{6E632C71-768A-4246-ABA6-C25B72D15AE6}.Debug|Any CPU.ActiveCfg = Debug|x86
		{6E632C71-768A-4246-ABA6-C25B72D15AE6}.Debug|Any CPU.Build.0 = Debug|x86
		{6E632C71-768A-4246-ABA6-C25B72D15AE6}.Debug|Any CPU.Deploy.0 = Debug|x86
		{6E632C71-768A-4246-ABA6-C25B72D15AE6}.Debug|ARM.ActiveCfg = Debug|ARM
		{6E632C71-768A-4246-ABA6-C25B72D15AE6}.Debug|ARM.Build.0 = Debug|ARM
		{6E632C71-768A-4246-ABA6-C25B72D15AE6}.Debug|ARM.Deploy.0 = Debug|ARM
		{6E632C71-768A-4246-ABA6-C25B72D15AE6}.Debug|iPhone.ActiveCfg = Debug|x86
		{6E632C71-768A-4246-ABA6-C25B72D15AE6}.Debug|iPhoneSimulator.ActiveCfg = Debug|x86
		{6E632C71-768A-4246-ABA6-C25B72D15AE6}.Debug|x64.ActiveCfg = Debug|x64
		{6E632C71-768A-4246-ABA6-C25B72D15AE6}.Debug|x64.Build.0 = Debug|x64
		{6E632C71-768A-4246-ABA6-C25B72D15AE6}.Debug|x64.Deploy.0 = Debug|x64
		{6E632C71-768A-4246-ABA6-C25B72D15AE6}.Debug|x86.ActiveCfg = Debug|x86
		{6E632C71-768A-4246-ABA6-C25B72D15AE6}.Debug|x86.Build.0 = Debug|x86
		{6E632C71-768A-4246-ABA6-C25B72D15AE6}.Debug|x86.Deploy.0 = Debug|x86
		{6E632C71-768A-4246-ABA6-C25B72D15AE6}.Release|Any CPU.ActiveCfg = Release|x86
		{6E632C71-768A-4246-ABA6-C25B72D15AE6}.Release|ARM.ActiveCfg = Release|ARM
		{6E632C71-768A-4246-ABA6-C25B72D15AE6}.Release|ARM.Build.0 = Release|ARM
		{6E632C71-768A-4246-ABA6-C25B72D15AE6}.Release|ARM.Deploy.0 = Release|ARM
		{6E632C71-768A-4246-ABA6-C25B72D15AE6}.Release|iPhone.ActiveCfg = Release|x86
		{6E632C71-768A-4246-ABA6-C25B72D15AE6}.Release|iPhoneSimulator.ActiveCfg = Release|x86
		{6E632C71-768A-4246-ABA6-C25B72D15AE6}.Release|x64.ActiveCfg = Release|x64
		{6E632C71-768A-4246-ABA6-C25B72D15AE6}.Release|x64.Build.0 = Release|x64
		{6E632C71-768A-4246-ABA6-C25B72D15AE6}.Release|x64.Deploy.0 = Release|x64
		{6E632C71-768A-4246-ABA6-C25B72D15AE6}.Release|x86.ActiveCfg = Release|x86
		{6E632C71-768A-4246-ABA6-C25B72D15AE6}.Release|x86.Build.0 = Release|x86
		{6E632C71-768A-4246-ABA6-C25B72D15AE6}.Release|x86.Deploy.0 = Release|x86
	EndGlobalSection
	GlobalSection(SolutionProperties) = preSolution
		HideSolutionNode = FALSE
	EndGlobalSection
EndGlobal
